
Microsoft Visual Studio Solution File, Format Version 12.00
# Visual Studio Version 17
VisualStudioVersion = 17.10.35004.147
MinimumVisualStudioVersion = 10.0.40219.1
Project("{FAE04EC0-301F-11D3-BF4B-00C04F79EFBC}") = "JavaScript", "JavaScript\JavaScript.csproj", "{3CB41780-4A67-41C9-A350-D57E3592E50D}"
EndProject
Global
	GlobalSection(SolutionConfigurationPlatforms) = preSolution
		Debug|Any CPU = Debug|Any CPU
		Release|Any CPU = Release|Any CPU
	EndGlobalSection
	GlobalSection(ProjectConfigurationPlatforms) = postSolution
		{3CB41780-4A67-41C9-A350-D57E3592E50D}.Debug|Any CPU.ActiveCfg = Debug|Any CPU
		{3CB41780-4A67-41C9-A350-D57E3592E50D}.Debug|Any CPU.Build.0 = Debug|Any CPU
		{3CB41780-4A67-41C9-A350-D57E3592E50D}.Release|Any CPU.ActiveCfg = Release|Any CPU
		{3CB41780-4A67-41C9-A350-D57E3592E50D}.Release|Any CPU.Build.0 = Release|Any CPU
	EndGlobalSection
	GlobalSection(SolutionProperties) = preSolution
		HideSolutionNode = FALSE
	EndGlobalSection
	GlobalSection(ExtensibilityGlobals) = postSolution
		SolutionGuid = {D9799605-EE36-4CAB-9621-1D708C545273}
	EndGlobalSection
EndGlobal
